NeoBundleLock vim-surround e49d6c2459e0f5569ff2d533b4df995dd7f98313
NeoBundleLock vim-json f5e3181d0b33a9c51377bb7ea8492feddca8b503
NeoBundleLock ctrlp.vim b5d3fe66a58a13d2ff8b6391f4387608496a030f
NeoBundleLock ctrlsf.vim 00e44107a1ced4b41122b30b0c57c308e3a9a15d
NeoBundleLock vimproc.vim 707fc62db79afde8d99a5dea543b829286ef26a2
NeoBundleLock vim-reveal-in-finder 3cb8cd634737869b1302b37e04dded021f0392f6
NeoBundleLock vim-airline 411ae84890793e59575036c6c0e6ee1ed9efa939
NeoBundleLock unite.vim a77df27ce9304da1b2e6060784fa14ec7dc87aed
NeoBundleLock neosnippet-snippets a15cdc307a62d64c3510b4a1097a8bd174746894
NeoBundleLock vimshell 3787e52766812d8b99a93ccdda57517bc2a0bab6
NeoBundleLock vim-gitgutter 88c7916d2f653e13cbbcd2c461c83c403d09ca46
NeoBundleLock vim-multiple-cursors 35028be1f71953da9f2c28509bf6c5ebd1d31c28
NeoBundleLock vim-colorschemes 189f5182bb70fd35d0f56fee451c3f22a2a80135
NeoBundleLock syntastic 67ffe58818930e95163ead541a2700cec41c13f7
NeoBundleLock neocomplete 4cf290ec3202ad5cda6e4a15b0106f1c2feb2927
NeoBundleLock tcomment_vim d2df45fdf66f33ae7e267d45846aece6ea82ae66
NeoBundleLock vim-fugitive d3b98d988602b94dc705ca99b171bb9f5b6c8a2c
NeoBundleLock powerline f34ab66ea22309cf1b60bc104c76528ce29c82b3
NeoBundleLock nerdcommenter 6549cfde45339bd4f711504196ff3e8b766ef5e6
NeoBundleLock vim-javascript 1d8c2677d26d6b3950b90dc1636e63334c8efc3b
NeoBundleLock vim-node 13b31218447335e176d46dd5f497b274f7f49595
NeoBundleLock neosnippet 644b551aff6bc2be68a36307768b276f470c81e9
NeoBundleLock unite-outline 08e0a89494bbba2e040eebbfec894b5749c0c0e2
NeoBundleLock vim-es6 11fb0610c5224c3766db7d525db6a7ace722bbd6
NeoBundleLock TaskList.vim 8e2dfdcc6e13d8afab5b3f620ee06ebb29b786f9
NeoBundleLock vim-rails 981f8d790cbecd5bbbb907aa30a94f63b6aee041
NeoBundleLock vim-coffee-script 827e4a38b07479433b619091469a7495a392df8a
NeoBundleLock vim-snippets 0b025c6afcd5304e779518ecbf76e3d6a703ae9d
NeoBundleLock neobundle.vim 982d2cac0c0d26582653e6ee0e8cd891ecac5772
NeoBundleLock vim-ruby b0decc92ee569c087d5b37419d7691c5c97f870c
NeoBundleLock vim-mustache-handlebars 291e49908af86f2805d1a93b6a476f04906e28e1
NeoBundleLock dash.vim 8dc25d544d567a86e00a97df1afe92caad3dfbfb
